// !$*UTF8*$!
{
	archiveVersion = 1;
	classes = {
	};
	objectVersion = 56;
	objects = {

/* Begin PBXBuildFile section */
		9AE411DB28DC400900919C05 /* AppDelegate.swift in Sources */ = {isa = PBXBuildFile; fileRef = 9AE411DA28DC400900919C05 /* AppDelegate.swift */; };
		9AE411DD28DC400900919C05 /* SceneDelegate.swift in Sources */ = {isa = PBXBuildFile; fileRef = 9AE411DC28DC400900919C05 /* SceneDelegate.swift */; };
		9AE411E228DC400900919C05 /* Main.storyboard in Resources */ = {isa = PBXBuildFile; fileRef = 9AE411E028DC400900919C05 /* Main.storyboard */; };
		9AE411E428DC400B00919C05 /* Assets.xcassets in Resources */ = {isa = PBXBuildFile; fileRef = 9AE411E328DC400B00919C05 /* Assets.xcassets */; };
		9AE411E728DC400B00919C05 /* LaunchScreen.storyboard in Resources */ = {isa = PBXBuildFile; fileRef = 9AE411E528DC400B00919C05 /* LaunchScreen.storyboard */; };
		9AE411F228DC400B00919C05 /* MyPOCTests.swift in Sources */ = {isa = PBXBuildFile; fileRef = 9AE411F128DC400B00919C05 /* MyPOCTests.swift */; };
		9AE411FC28DC400B00919C05 /* MyPOCUITests.swift in Sources */ = {isa = PBXBuildFile; fileRef = 9AE411FB28DC400B00919C05 /* MyPOCUITests.swift */; };
		9AE411FE28DC400B00919C05 /* MyPOCUITestsLaunchTests.swift in Sources */ = {isa = PBXBuildFile; fileRef = 9AE411FD28DC400B00919C05 /* MyPOCUITestsLaunchTests.swift */; };
		9AE4120C28DC54DE00919C05 /* UserModel.swift in Sources */ = {isa = PBXBuildFile; fileRef = 9AE4120B28DC54DE00919C05 /* UserModel.swift */; };
		9AE4121328DC551600919C05 /* UserDetailsViewModel.swift in Sources */ = {isa = PBXBuildFile; fileRef = 9AE4120E28DC551600919C05 /* UserDetailsViewModel.swift */; };
		9AE4121428DC551600919C05 /* UserDetailsProvider.swift in Sources */ = {isa = PBXBuildFile; fileRef = 9AE4121028DC551600919C05 /* UserDetailsProvider.swift */; };
		9AE4121528DC551600919C05 /* MockUserDetailsDataProvider.swift in Sources */ = {isa = PBXBuildFile; fileRef = 9AE4121228DC551600919C05 /* MockUserDetailsDataProvider.swift */; };
		9AE4121728DC552700919C05 /* UserDetailsViewModelTest.swift in Sources */ = {isa = PBXBuildFile; fileRef = 9AE4121628DC552700919C05 /* UserDetailsViewModelTest.swift */; };
		9AE4122328DC55AC00919C05 /* RoundedCornerView.swift in Sources */ = {isa = PBXBuildFile; fileRef = 9AE4121B28DC55AC00919C05 /* RoundedCornerView.swift */; };
		9AE4122428DC55AC00919C05 /* UserDetailsViewController.swift in Sources */ = {isa = PBXBuildFile; fileRef = 9AE4121D28DC55AC00919C05 /* UserDetailsViewController.swift */; };
		9AE4122528DC55AC00919C05 /* UserTableViewCell.xib in Resources */ = {isa = PBXBuildFile; fileRef = 9AE4122028DC55AC00919C05 /* UserTableViewCell.xib */; };
		9AE4122628DC55AC00919C05 /* UserTableViewCell.swift in Sources */ = {isa = PBXBuildFile; fileRef = 9AE4122228DC55AC00919C05 /* UserTableViewCell.swift */; };
		9AE4122928DC5ED700919C05 /* NetworkManager.swift in Sources */ = {isa = PBXBuildFile; fileRef = 9AE4122828DC5ED700919C05 /* NetworkManager.swift */; };
/* End PBXBuildFile section */

/* Begin PBXContainerItemProxy section */
		9AE411EE28DC400B00919C05 /* PBXContainerItemProxy */ = {
			isa = PBXContainerItemProxy;
			containerPortal = 9AE411CF28DC400900919C05 /* Project object */;
			proxyType = 1;
			remoteGlobalIDString = 9AE411D628DC400900919C05;
			remoteInfo = MyPOC;
		};
		9AE411F828DC400B00919C05 /* PBXContainerItemProxy */ = {
			isa = PBXContainerItemProxy;
			containerPortal = 9AE411CF28DC400900919C05 /* Project object */;
			proxyType = 1;
			remoteGlobalIDString = 9AE411D628DC400900919C05;
			remoteInfo = MyPOC;
		};
/* End PBXContainerItemProxy section */

/* Begin PBXFileReference section */
		9AE411D728DC400900919C05 /* MyPOC.app */ = {isa = PBXFileReference; explicitFileType = wrapper.application; includeInIndex = 0; path = MyPOC.app; sourceTree = BUILT_PRODUCTS_DIR; };
		9AE411DA28DC400900919C05 /* AppDelegate.swift */ = {isa = PBXFileReference; lastKnownFileType = sourcecode.swift; path = AppDelegate.swift; sourceTree = "<group>"; };
		9AE411DC28DC400900919C05 /* SceneDelegate.swift */ = {isa = PBXFileReference; lastKnownFileType = sourcecode.swift; path = SceneDelegate.swift; sourceTree = "<group>"; };
		9AE411E128DC400900919C05 /* Base */ = {isa = PBXFileReference; lastKnownFileType = file.storyboard; name = Base; path = Base.lproj/Main.storyboard; sourceTree = "<group>"; };
		9AE411E328DC400B00919C05 /* Assets.xcassets */ = {isa = PBXFileReference; lastKnownFileType = folder.assetcatalog; path = Assets.xcassets; sourceTree = "<group>"; };
		9AE411E628DC400B00919C05 /* Base */ = {isa = PBXFileReference; lastKnownFileType = file.storyboard; name = Base; path = Base.lproj/LaunchScreen.storyboard; sourceTree = "<group>"; };
		9AE411E828DC400B00919C05 /* Info.plist */ = {isa = PBXFileReference; lastKnownFileType = text.plist.xml; path = Info.plist; sourceTree = "<group>"; };
		9AE411ED28DC400B00919C05 /* MyPOCTests.xctest */ = {isa = PBXFileReference; explicitFileType = wrapper.cfbundle; includeInIndex = 0; path = MyPOCTests.xctest; sourceTree = BUILT_PRODUCTS_DIR; };
		9AE411F128DC400B00919C05 /* MyPOCTests.swift */ = {isa = PBXFileReference; lastKnownFileType = sourcecode.swift; path = MyPOCTests.swift; sourceTree = "<group>"; };
		9AE411F728DC400B00919C05 /* MyPOCUITests.xctest */ = {isa = PBXFileReference; explicitFileType = wrapper.cfbundle; includeInIndex = 0; path = MyPOCUITests.xctest; sourceTree = BUILT_PRODUCTS_DIR; };
		9AE411FB28DC400B00919C05 /* MyPOCUITests.swift */ = {isa = PBXFileReference; lastKnownFileType = sourcecode.swift; path = MyPOCUITests.swift; sourceTree = "<group>"; };
		9AE411FD28DC400B00919C05 /* MyPOCUITestsLaunchTests.swift */ = {isa = PBXFileReference; lastKnownFileType = sourcecode.swift; path = MyPOCUITestsLaunchTests.swift; sourceTree = "<group>"; };
		9AE4120B28DC54DE00919C05 /* UserModel.swift */ = {isa = PBXFileReference; fileEncoding = 4; lastKnownFileType = sourcecode.swift; path = UserModel.swift; sourceTree = "<group>"; };
		9AE4120E28DC551600919C05 /* UserDetailsViewModel.swift */ = {isa = PBXFileReference; fileEncoding = 4; lastKnownFileType = sourcecode.swift; path = UserDetailsViewModel.swift; sourceTree = "<group>"; };
		9AE4121028DC551600919C05 /* UserDetailsProvider.swift */ = {isa = PBXFileReference; fileEncoding = 4; lastKnownFileType = sourcecode.swift; path = UserDetailsProvider.swift; sourceTree = "<group>"; };
		9AE4121228DC551600919C05 /* MockUserDetailsDataProvider.swift */ = {isa = PBXFileReference; fileEncoding = 4; lastKnownFileType = sourcecode.swift; path = MockUserDetailsDataProvider.swift; sourceTree = "<group>"; };
		9AE4121628DC552700919C05 /* UserDetailsViewModelTest.swift */ = {isa = PBXFileReference; fileEncoding = 4; lastKnownFileType = sourcecode.swift; path = UserDetailsViewModelTest.swift; sourceTree = "<group>"; };
		9AE4121B28DC55AC00919C05 /* RoundedCornerView.swift */ = {isa = PBXFileReference; fileEncoding = 4; lastKnownFileType = sourcecode.swift; path = RoundedCornerView.swift; sourceTree = "<group>"; };
		9AE4121D28DC55AC00919C05 /* UserDetailsViewController.swift */ = {isa = PBXFileReference; fileEncoding = 4; lastKnownFileType = sourcecode.swift; path = UserDetailsViewController.swift; sourceTree = "<group>"; };
		9AE4122028DC55AC00919C05 /* UserTableViewCell.xib */ = {isa = PBXFileReference; fileEncoding = 4; lastKnownFileType = file.xib; path = UserTableViewCell.xib; sourceTree = "<group>"; };
		9AE4122228DC55AC00919C05 /* UserTableViewCell.swift */ = {isa = PBXFileReference; fileEncoding = 4; lastKnownFileType = sourcecode.swift; path = UserTableViewCell.swift; sourceTree = "<group>"; };
		9AE4122828DC5ED700919C05 /* NetworkManager.swift */ = {isa = PBXFileReference; lastKnownFileType = sourcecode.swift; path = NetworkManager.swift; sourceTree = "<group>"; };
/* End PBXFileReference section */

/* Begin PBXFrameworksBuildPhase section */
		9AE411D428DC400900919C05 /* Frameworks */ = {
			isa = PBXFrameworksBuildPhase;
			buildActionMask = 2147483647;
			files = (
			);
			runOnlyForDeploymentPostprocessing = 0;
		};
		9AE411EA28DC400B00919C05 /* Frameworks */ = {
			isa = PBXFrameworksBuildPhase;
			buildActionMask = 2147483647;
			files = (
			);
			runOnlyForDeploymentPostprocessing = 0;
		};
		9AE411F428DC400B00919C05 /* Frameworks */ = {
			isa = PBXFrameworksBuildPhase;
			buildActionMask = 2147483647;
			files = (
			);
			runOnlyForDeploymentPostprocessing = 0;
		};
/* End PBXFrameworksBuildPhase section */

/* Begin PBXGroup section */
		9A3E101928DCC1CB0026747C /* Storyboards */ = {
			isa = PBXGroup;
			children = (
				9AE411E028DC400900919C05 /* Main.storyboard */,
				9AE411E528DC400B00919C05 /* LaunchScreen.storyboard */,
			);
			path = Storyboards;
			sourceTree = "<group>";
		};
		9AE411CE28DC400900919C05 = {
			isa = PBXGroup;
			children = (
				9AE411D928DC400900919C05 /* MyPOC */,
				9AE411F028DC400B00919C05 /* MyPOCTests */,
				9AE411FA28DC400B00919C05 /* MyPOCUITests */,
				9AE411D828DC400900919C05 /* Products */,
			);
			sourceTree = "<group>";
		};
		9AE411D828DC400900919C05 /* Products */ = {
			isa = PBXGroup;
			children = (
				9AE411D728DC400900919C05 /* MyPOC.app */,
				9AE411ED28DC400B00919C05 /* MyPOCTests.xctest */,
				9AE411F728DC400B00919C05 /* MyPOCUITests.xctest */,
			);
			name = Products;
			sourceTree = "<group>";
		};
		9AE411D928DC400900919C05 /* MyPOC */ = {
			isa = PBXGroup;
			children = (
				9AE411DA28DC400900919C05 /* AppDelegate.swift */,
				9AE411DC28DC400900919C05 /* SceneDelegate.swift */,
				9AE4120A28DC54DE00919C05 /* Model */,
				9AE4121928DC559300919C05 /* View */,
				9AE4120D28DC551600919C05 /* ViewModel */,
				9AE4120F28DC551600919C05 /* Provider */,
				9AE4122728DC5EAD00919C05 /* NetworkManager */,
				9AE411E328DC400B00919C05 /* Assets.xcassets */,
				9AE411E828DC400B00919C05 /* Info.plist */,
			);
			path = MyPOC;
			sourceTree = "<group>";
		};
		9AE411F028DC400B00919C05 /* MyPOCTests */ = {
			isa = PBXGroup;
			children = (
				9AE4121628DC552700919C05 /* UserDetailsViewModelTest.swift */,
				9AE411F128DC400B00919C05 /* MyPOCTests.swift */,
			);
			path = MyPOCTests;
			sourceTree = "<group>";
		};
		9AE411FA28DC400B00919C05 /* MyPOCUITests */ = {
			isa = PBXGroup;
			children = (
				9AE411FB28DC400B00919C05 /* MyPOCUITests.swift */,
				9AE411FD28DC400B00919C05 /* MyPOCUITestsLaunchTests.swift */,
			);
			path = MyPOCUITests;
			sourceTree = "<group>";
		};
		9AE4120A28DC54DE00919C05 /* Model */ = {
			isa = PBXGroup;
			children = (
				9AE4120B28DC54DE00919C05 /* UserModel.swift */,
			);
			path = Model;
			sourceTree = "<group>";
		};
		9AE4120D28DC551600919C05 /* ViewModel */ = {
			isa = PBXGroup;
			children = (
				9AE4120E28DC551600919C05 /* UserDetailsViewModel.swift */,
			);
			path = ViewModel;
			sourceTree = "<group>";
		};
		9AE4120F28DC551600919C05 /* Provider */ = {
			isa = PBXGroup;
			children = (
				9AE4121028DC551600919C05 /* UserDetailsProvider.swift */,
				9AE4121128DC551600919C05 /* Mock */,
			);
			path = Provider;
			sourceTree = "<group>";
		};
		9AE4121128DC551600919C05 /* Mock */ = {
			isa = PBXGroup;
			children = (
				9AE4121228DC551600919C05 /* MockUserDetailsDataProvider.swift */,
			);
			path = Mock;
			sourceTree = "<group>";
		};
		9AE4121928DC559300919C05 /* View */ = {
			isa = PBXGroup;
			children = (
				9A3E101928DCC1CB0026747C /* Storyboards */,
				9AE4121A28DC55AC00919C05 /* Custom View */,
				9AE4121E28DC55AC00919C05 /* TableViewCell */,
				9AE4121C28DC55AC00919C05 /* ViewController */,
			);
			path = View;
			sourceTree = "<group>";
		};
		9AE4121A28DC55AC00919C05 /* Custom View */ = {
			isa = PBXGroup;
			children = (
				9AE4121B28DC55AC00919C05 /* RoundedCornerView.swift */,
			);
			path = "Custom View";
			sourceTree = "<group>";
		};
		9AE4121C28DC55AC00919C05 /* ViewController */ = {
			isa = PBXGroup;
			children = (
				9AE4121D28DC55AC00919C05 /* UserDetailsViewController.swift */,
			);
			path = ViewController;
			sourceTree = "<group>";
		};
		9AE4121E28DC55AC00919C05 /* TableViewCell */ = {
			isa = PBXGroup;
			children = (
				9AE4121F28DC55AC00919C05 /* XIBs */,
				9AE4122128DC55AC00919C05 /* Class */,
			);
			path = TableViewCell;
			sourceTree = "<group>";
		};
		9AE4121F28DC55AC00919C05 /* XIBs */ = {
			isa = PBXGroup;
			children = (
				9AE4122028DC55AC00919C05 /* UserTableViewCell.xib */,
			);
			path = XIBs;
			sourceTree = "<group>";
		};
		9AE4122128DC55AC00919C05 /* Class */ = {
			isa = PBXGroup;
			children = (
				9AE4122228DC55AC00919C05 /* UserTableViewCell.swift */,
			);
			path = Class;
			sourceTree = "<group>";
		};
		9AE4122728DC5EAD00919C05 /* NetworkManager */ = {
			isa = PBXGroup;
			children = (
				9AE4122828DC5ED700919C05 /* NetworkManager.swift */,
			);
			path = NetworkManager;
			sourceTree = "<group>";
		};
/* End PBXGroup section */

/* Begin PBXNativeTarget section */
		9AE411D628DC400900919C05 /* MyPOC */ = {
			isa = PBXNativeTarget;
			buildConfigurationList = 9AE4120128DC400B00919C05 /* Build configuration list for PBXNativeTarget "MyPOC" */;
			buildPhases = (
				9AE411D328DC400900919C05 /* Sources */,
				9AE411D428DC400900919C05 /* Frameworks */,
				9AE411D528DC400900919C05 /* Resources */,
			);
			buildRules = (
			);
			dependencies = (
			);
			name = MyPOC;
			productName = MyPOC;
			productReference = 9AE411D728DC400900919C05 /* MyPOC.app */;
			productType = "com.apple.product-type.application";
		};
		9AE411EC28DC400B00919C05 /* MyPOCTests */ = {
			isa = PBXNativeTarget;
			buildConfigurationList = 9AE4120428DC400B00919C05 /* Build configuration list for PBXNativeTarget "MyPOCTests" */;
			buildPhases = (
				9AE411E928DC400B00919C05 /* Sources */,
				9AE411EA28DC400B00919C05 /* Frameworks */,
				9AE411EB28DC400B00919C05 /* Resources */,
			);
			buildRules = (
			);
			dependencies = (
				9AE411EF28DC400B00919C05 /* PBXTargetDependency */,
			);
			name = MyPOCTests;
			productName = MyPOCTests;
			productReference = 9AE411ED28DC400B00919C05 /* MyPOCTests.xctest */;
			productType = "com.apple.product-type.bundle.unit-test";
		};
		9AE411F628DC400B00919C05 /* MyPOCUITests */ = {
			isa = PBXNativeTarget;
			buildConfigurationList = 9AE4120728DC400B00919C05 /* Build configuration list for PBXNativeTarget "MyPOCUITests" */;
			buildPhases = (
				9AE411F328DC400B00919C05 /* Sources */,
				9AE411F428DC400B00919C05 /* Frameworks */,
				9AE411F528DC400B00919C05 /* Resources */,
			);
			buildRules = (
			);
			dependencies = (
				9AE411F928DC400B00919C05 /* PBXTargetDependency */,
			);
			name = MyPOCUITests;
			productName = MyPOCUITests;
			productReference = 9AE411F728DC400B00919C05 /* MyPOCUITests.xctest */;
			productType = "com.apple.product-type.bundle.ui-testing";
		};
/* End PBXNativeTarget section */

/* Begin PBXProject section */
		9AE411CF28DC400900919C05 /* Project object */ = {
			isa = PBXProject;
			attributes = {
				BuildIndependentTargetsInParallel = 1;
				LastSwiftUpdateCheck = 1400;
				LastUpgradeCheck = 1400;
				TargetAttributes = {
					9AE411D628DC400900919C05 = {
						CreatedOnToolsVersion = 14.0;
					};
					9AE411EC28DC400B00919C05 = {
						CreatedOnToolsVersion = 14.0;
						TestTargetID = 9AE411D628DC400900919C05;
					};
					9AE411F628DC400B00919C05 = {
						CreatedOnToolsVersion = 14.0;
						TestTargetID = 9AE411D628DC400900919C05;
					};
				};
			};
			buildConfigurationList = 9AE411D228DC400900919C05 /* Build configuration list for PBXProject "MyPOC" */;
			compatibilityVersion = "Xcode 14.0";
			developmentRegion = en;
			hasScannedForEncodings = 0;
			knownRegions = (
				en,
				Base,
			);
			mainGroup = 9AE411CE28DC400900919C05;
			productRefGroup = 9AE411D828DC400900919C05 /* Products */;
			projectDirPath = "";
			projectRoot = "";
			targets = (
				9AE411D628DC400900919C05 /* MyPOC */,
				9AE411EC28DC400B00919C05 /* MyPOCTests */,
				9AE411F628DC400B00919C05 /* MyPOCUITests */,
			);
		};
/* End PBXProject section */

/* Begin PBXResourcesBuildPhase section */
		9AE411D528DC400900919C05 /* Resources */ = {
			isa = PBXResourcesBuildPhase;
			buildActionMask = 2147483647;
			files = (
				9AE4122528DC55AC00919C05 /* UserTableViewCell.xib in Resources */,
				9AE411E728DC400B00919C05 /* LaunchScreen.storyboard in Resources */,
				9AE411E428DC400B00919C05 /* Assets.xcassets in Resources */,
				9AE411E228DC400900919C05 /* Main.storyboard in Resources */,
			);
			runOnlyForDeploymentPostprocessing = 0;
		};
		9AE411EB28DC400B00919C05 /* Resources */ = {
			isa = PBXResourcesBuildPhase;
			buildActionMask = 2147483647;
			files = (
			);
			runOnlyForDeploymentPostprocessing = 0;
		};
		9AE411F528DC400B00919C05 /* Resources */ = {
			isa = PBXResourcesBuildPhase;
			buildActionMask = 2147483647;
			files = (
			);
			runOnlyForDeploymentPostprocessing = 0;
		};
/* End PBXResourcesBuildPhase section */

/* Begin PBXSourcesBuildPhase section */
		9AE411D328DC400900919C05 /* Sources */ = {
			isa = PBXSourcesBuildPhase;
			buildActionMask = 2147483647;
			files = (
				9AE4121528DC551600919C05 /* MockUserDetailsDataProvider.swift in Sources */,
				9AE4121328DC551600919C05 /* UserDetailsViewModel.swift in Sources */,
				9AE4122928DC5ED700919C05 /* NetworkManager.swift in Sources */,
				9AE4122428DC55AC00919C05 /* UserDetailsViewController.swift in Sources */,
				9AE4122628DC55AC00919C05 /* UserTableViewCell.swift in Sources */,
				9AE4121428DC551600919C05 /* UserDetailsProvider.swift in Sources */,
				9AE411DB28DC400900919C05 /* AppDelegate.swift in Sources */,
				9AE4120C28DC54DE00919C05 /* UserModel.swift in Sources */,
				9AE411DD28DC400900919C05 /* SceneDelegate.swift in Sources */,
				9AE4122328DC55AC00919C05 /* RoundedCornerView.swift in Sources */,
			);
			runOnlyForDeploymentPostprocessing = 0;
		};
		9AE411E928DC400B00919C05 /* Sources */ = {
			isa = PBXSourcesBuildPhase;
			buildActionMask = 2147483647;
			files = (
				9AE4121728DC552700919C05 /* UserDetailsViewModelTest.swift in Sources */,
				9AE411F228DC400B00919C05 /* MyPOCTests.swift in Sources */,
			);
			runOnlyForDeploymentPostprocessing = 0;
		};
		9AE411F328DC400B00919C05 /* Sources */ = {
			isa = PBXSourcesBuildPhase;
			buildActionMask = 2147483647;
			files = (
				9AE411FC28DC400B00919C05 /* MyPOCUITests.swift in Sources */,
				9AE411FE28DC400B00919C05 /* MyPOCUITestsLaunchTests.swift in Sources */,
			);
			runOnlyForDeploymentPostprocessing = 0;
		};
/* End PBXSourcesBuildPhase section */

/* Begin PBXTargetDependency section */
		9AE411EF28DC400B00919C05 /* PBXTargetDependency */ = {
			isa = PBXTargetDependency;
			target = 9AE411D628DC400900919C05 /* MyPOC */;
			targetProxy = 9AE411EE28DC400B00919C05 /* PBXContainerItemProxy */;
		};
		9AE411F928DC400B00919C05 /* PBXTargetDependency */ = {
			isa = PBXTargetDependency;
			target = 9AE411D628DC400900919C05 /* MyPOC */;
			targetProxy = 9AE411F828DC400B00919C05 /* PBXContainerItemProxy */;
		};
/* End PBXTargetDependency section */

/* Begin PBXVariantGroup section */
		9AE411E028DC400900919C05 /* Main.storyboard */ = {
			isa = PBXVariantGroup;
			children = (
				9AE411E128DC400900919C05 /* Base */,
			);
			name = Main.storyboard;
			sourceTree = "<group>";
		};
		9AE411E528DC400B00919C05 /* LaunchScreen.storyboard */ = {
			isa = PBXVariantGroup;
			children = (
				9AE411E628DC400B00919C05 /* Base */,
			);
			name = LaunchScreen.storyboard;
			sourceTree = "<group>";
		};
/* End PBXVariantGroup section */

/* Begin XCBuildConfiguration section */
		9AE411FF28DC400B00919C05 /* Debug */ = {
			isa = XCBuildConfiguration;
			buildSettings = {
				ALWAYS_SEARCH_USER_PATHS = NO;
				CLANG_ANALYZER_NONNULL = YES;
				CLANG_ANALYZER_NUMBER_OBJECT_CONVERSION = YES_AGGRESSIVE;
				CLANG_CXX_LANGUAGE_STANDARD = "gnu++20";
				CLANG_ENABLE_MODULES = YES;
				CLANG_ENABLE_OBJC_ARC = YES;
				CLANG_ENABLE_OBJC_WEAK = YES;
				CLANG_WARN_BLOCK_CAPTURE_AUTORELEASING = YES;
				CLANG_WARN_BOOL_CONVERSION = YES;
				CLANG_WARN_COMMA = YES;
				CLANG_WARN_CONSTANT_CONVERSION = YES;
				CLANG_WARN_DEPRECATED_OBJC_IMPLEMENTATIONS = YES;
				CLANG_WARN_DIRECT_OBJC_ISA_USAGE = YES_ERROR;
				CLANG_WARN_DOCUMENTATION_COMMENTS = YES;
				CLANG_WARN_EMPTY_BODY = YES;
				CLANG_WARN_ENUM_CONVERSION = YES;
				CLANG_WARN_INFINITE_RECURSION = YES;
				CLANG_WARN_INT_CONVERSION = YES;
				CLANG_WARN_NON_LITERAL_NULL_CONVERSION = YES;
				CLANG_WARN_OBJC_IMPLICIT_RETAIN_SELF = YES;
				CLANG_WARN_OBJC_LITERAL_CONVERSION = YES;
				CLANG_WARN_OBJC_ROOT_CLASS = YES_ERROR;
				CLANG_WARN_QUOTED_INCLUDE_IN_FRAMEWORK_HEADER = YES;
				CLANG_WARN_RANGE_LOOP_ANALYSIS = YES;
				CLANG_WARN_STRICT_PROTOTYPES = YES;
				CLANG_WARN_SUSPICIOUS_MOVE = YES;
				CLANG_WARN_UNGUARDED_AVAILABILITY = YES_AGGRESSIVE;
				CLANG_WARN_UNREACHABLE_CODE = YES;
				CLANG_WARN__DUPLICATE_METHOD_MATCH = YES;
				COPY_PHASE_STRIP = NO;
				DEBUG_INFORMATION_FORMAT = dwarf;
				ENABLE_STRICT_OBJC_MSGSEND = YES;
				ENABLE_TESTABILITY = YES;
				GCC_C_LANGUAGE_STANDARD = gnu11;
				GCC_DYNAMIC_NO_PIC = NO;
				GCC_NO_COMMON_BLOCKS = YES;
				GCC_OPTIMIZATION_LEVEL = 0;
				GCC_PREPROCESSOR_DEFINITIONS = (
					"DEBUG=1",
					"$(inherited)",
				);
				GCC_WARN_64_TO_32_BIT_CONVERSION = YES;
				GCC_WARN_ABOUT_RETURN_TYPE = YES_ERROR;
				GCC_WARN_UNDECLARED_SELECTOR = YES;
				GCC_WARN_UNINITIALIZED_AUTOS = YES_AGGRESSIVE;
				GCC_WARN_UNUSED_FUNCTION = YES;
				GCC_WARN_UNUSED_VARIABLE = YES;
				IPHONEOS_DEPLOYMENT_TARGET = 16.0;
				MTL_ENABLE_DEBUG_INFO = INCLUDE_SOURCE;
				MTL_FAST_MATH = YES;
				ONLY_ACTIVE_ARCH = YES;
				SDKROOT = iphoneos;
				SWIFT_ACTIVE_COMPILATION_CONDITIONS = DEBUG;
				SWIFT_OPTIMIZATION_LEVEL = "-Onone";
			};
			name = Debug;
		};
		9AE4120028DC400B00919C05 /* Release */ = {
			isa = XCBuildConfiguration;
			buildSettings = {
				ALWAYS_SEARCH_USER_PATHS = NO;
				CLANG_ANALYZER_NONNULL = YES;
				CLANG_ANALYZER_NUMBER_OBJECT_CONVERSION = YES_AGGRESSIVE;
				CLANG_CXX_LANGUAGE_STANDARD = "gnu++20";
				CLANG_ENABLE_MODULES = YES;
				CLANG_ENABLE_OBJC_ARC = YES;
				CLANG_ENABLE_OBJC_WEAK = YES;
				CLANG_WARN_BLOCK_CAPTURE_AUTORELEASING = YES;
				CLANG_WARN_BOOL_CONVERSION = YES;
				CLANG_WARN_COMMA = YES;
				CLANG_WARN_CONSTANT_CONVERSION = YES;
				CLANG_WARN_DEPRECATED_OBJC_IMPLEMENTATIONS = YES;
				CLANG_WARN_DIRECT_OBJC_ISA_USAGE = YES_ERROR;
				CLANG_WARN_DOCUMENTATION_COMMENTS = YES;
				CLANG_WARN_EMPTY_BODY = YES;
				CLANG_WARN_ENUM_CONVERSION = YES;
				CLANG_WARN_INFINITE_RECURSION = YES;
				CLANG_WARN_INT_CONVERSION = YES;
				CLANG_WARN_NON_LITERAL_NULL_CONVERSION = YES;
				CLANG_WARN_OBJC_IMPLICIT_RETAIN_SELF = YES;
				CLANG_WARN_OBJC_LITERAL_CONVERSION = YES;
				CLANG_WARN_OBJC_ROOT_CLASS = YES_ERROR;
				CLANG_WARN_QUOTED_INCLUDE_IN_FRAMEWORK_HEADER = YES;
				CLANG_WARN_RANGE_LOOP_ANALYSIS = YES;
				CLANG_WARN_STRICT_PROTOTYPES = YES;
				CLANG_WARN_SUSPICIOUS_MOVE = YES;
				CLANG_WARN_UNGUARDED_AVAILABILITY = YES_AGGRESSIVE;
				CLANG_WARN_UNREACHABLE_CODE = YES;
				CLANG_WARN__DUPLICATE_METHOD_MATCH = YES;
				COPY_PHASE_STRIP = NO;
				DEBUG_INFORMATION_FORMAT = "dwarf-with-dsym";
				ENABLE_NS_ASSERTIONS = NO;
				ENABLE_STRICT_OBJC_MSGSEND = YES;
				GCC_C_LANGUAGE_STANDARD = gnu11;
				GCC_NO_COMMON_BLOCKS = YES;
				GCC_WARN_64_TO_32_BIT_CONVERSION = YES;
				GCC_WARN_ABOUT_RETURN_TYPE = YES_ERROR;
				GCC_WARN_UNDECLARED_SELECTOR = YES;
				GCC_WARN_UNINITIALIZED_AUTOS = YES_AGGRESSIVE;
				GCC_WARN_UNUSED_FUNCTION = YES;
				GCC_WARN_UNUSED_VARIABLE = YES;
				IPHONEOS_DEPLOYMENT_TARGET = 16.0;
				MTL_ENABLE_DEBUG_INFO = NO;
				MTL_FAST_MATH = YES;
				SDKROOT = iphoneos;
				SWIFT_COMPILATION_MODE = wholemodule;
				SWIFT_OPTIMIZATION_LEVEL = "-O";
				VALIDATE_PRODUCT = YES;
			};
			name = Release;
		};
		9AE4120228DC400B00919C05 /* Debug */ = {
			isa = XCBuildConfiguration;
			buildSettings = {
				ASSETCATALOG_COMPILER_APPICON_NAME = AppIcon;
				ASSETCATALOG_COMPILER_GLOBAL_ACCENT_COLOR_NAME = AccentColor;
				CODE_SIGN_STYLE = Automatic;
				CURRENT_PROJECT_VERSION = 1;
				GENERATE_INFOPLIST_FILE = YES;
				INFOPLIST_FILE = MyPOC/Info.plist;
				INFOPLIST_KEY_UIApplicationSupportsIndirectInputEvents = YES;
				INFOPLIST_KEY_UILaunchStoryboardName = LaunchScreen;
				INFOPLIST_KEY_UIMainStoryboardFile = Main;
				INFOPLIST_KEY_UISupportedInterfaceOrientations_iPad = "UIInterfaceOrientationPortrait UIInterfaceOrientationPortraitUpsideDown UIInterfaceOrientationLandscapeLeft UIInterfaceOrientationLandscapeRight";
				INFOPLIST_KEY_UISupportedInterfaceOrientations_iPhone = "UIInterfaceOrientationPortrait UIInterfaceOrientationLandscapeLeft UIInterfaceOrientationLandscapeRight";
				LD_RUNPATH_SEARCH_PATHS = (
					"$(inherited)",
					"@executable_path/Frameworks",
				);
				MARKETING_VERSION = 1.0;
				PRODUCT_BUNDLE_IDENTIFIER = sample.MyPOC;
				PRODUCT_NAME = "$(TARGET_NAME)";
				SWIFT_EMIT_LOC_STRINGS = YES;
				SWIFT_VERSION = 5.0;
				TARGETED_DEVICE_FAMILY = "1,2";
			};
			name = Debug;
		};
		9AE4120328DC400B00919C05 /* Release */ = {
			isa = XCBuildConfiguration;
			buildSettings = {
				ASSETCATALOG_COMPILER_APPICON_NAME = AppIcon;
				ASSETCATALOG_COMPILER_GLOBAL_ACCENT_COLOR_NAME = AccentColor;
				CODE_SIGN_STYLE = Automatic;
				CURRENT_PROJECT_VERSION = 1;
				GENERATE_INFOPLIST_FILE = YES;
				INFOPLIST_FILE = MyPOC/Info.plist;
				INFOPLIST_KEY_UIApplicationSupportsIndirectInputEvents = YES;
				INFOPLIST_KEY_UILaunchStoryboardName = LaunchScreen;
				INFOPLIST_KEY_UIMainStoryboardFile = Main;
				INFOPLIST_KEY_UISupportedInterfaceOrientations_iPad = "UIInterfaceOrientationPortrait UIInterfaceOrientationPortraitUpsideDown UIInterfaceOrientationLandscapeLeft UIInterfaceOrientationLandscapeRight";
				INFOPLIST_KEY_UISupportedInterfaceOrientations_iPhone = "UIInterfaceOrientationPortrait UIInterfaceOrientationLandscapeLeft UIInterfaceOrientationLandscapeRight";
				LD_RUNPATH_SEARCH_PATHS = (
					"$(inherited)",
					"@executable_path/Frameworks",
				);
				MARKETING_VERSION = 1.0;
				PRODUCT_BUNDLE_IDENTIFIER = sample.MyPOC;
				PRODUCT_NAME = "$(TARGET_NAME)";
				SWIFT_EMIT_LOC_STRINGS = YES;
				SWIFT_VERSION = 5.0;
				TARGETED_DEVICE_FAMILY = "1,2";
			};
			name = Release;
		};
		9AE4120528DC400B00919C05 /* Debug */ = {
			isa = XCBuildConfiguration;
			buildSettings = {
				ALWAYS_EMBED_SWIFT_STANDARD_LIBRARIES = YES;
				BUNDLE_LOADER = "$(TEST_HOST)";
				CODE_SIGN_STYLE = Automatic;
				CURRENT_PROJECT_VERSION = 1;
				GENERATE_INFOPLIST_FILE = YES;
				IPHONEOS_DEPLOYMENT_TARGET = 16.0;
				MARKETING_VERSION = 1.0;
				PRODUCT_BUNDLE_IDENTIFIER = sample.MyPOCTests;
				PRODUCT_NAME = "$(TARGET_NAME)";
				SWIFT_EMIT_LOC_STRINGS = NO;
				SWIFT_VERSION = 5.0;
				TARGETED_DEVICE_FAMILY = "1,2";
				TEST_HOST = "$(BUILT_PRODUCTS_DIR)/MyPOC.app/$(BUNDLE_EXECUTABLE_FOLDER_PATH)/MyPOC";
			};
			name = Debug;
		};
		9AE4120628DC400B00919C05 /* Release */ = {
			isa = XCBuildConfiguration;
			buildSettings = {
				ALWAYS_EMBED_SWIFT_STANDARD_LIBRARIES = YES;
				BUNDLE_LOADER = "$(TEST_HOST)";
				CODE_SIGN_STYLE = Automatic;
				CURRENT_PROJECT_VERSION = 1;
				GENERATE_INFOPLIST_FILE = YES;
				IPHONEOS_DEPLOYMENT_TARGET = 16.0;
				MARKETING_VERSION = 1.0;
				PRODUCT_BUNDLE_IDENTIFIER = sample.MyPOCTests;
				PRODUCT_NAME = "$(TARGET_NAME)";
				SWIFT_EMIT_LOC_STRINGS = NO;
				SWIFT_VERSION = 5.0;
				TARGETED_DEVICE_FAMILY = "1,2";
				TEST_HOST = "$(BUILT_PRODUCTS_DIR)/MyPOC.app/$(BUNDLE_EXECUTABLE_FOLDER_PATH)/MyPOC";
			};
			name = Release;
		};
		9AE4120828DC400B00919C05 /* Debug */ = {
			isa = XCBuildConfiguration;
			buildSettings = {
				ALWAYS_EMBED_SWIFT_STANDARD_LIBRARIES = YES;
				CODE_SIGN_STYLE = Automatic;
				CURRENT_PROJECT_VERSION = 1;
				GENERATE_INFOPLIST_FILE = YES;
				MARKETING_VERSION = 1.0;
				PRODUCT_BUNDLE_IDENTIFIER = sample.MyPOCUITests;
				PRODUCT_NAME = "$(TARGET_NAME)";
				SWIFT_EMIT_LOC_STRINGS = NO;
				SWIFT_VERSION = 5.0;
				TARGETED_DEVICE_FAMILY = "1,2";
				TEST_TARGET_NAME = MyPOC;
			};
			name = Debug;
		};
		9AE4120928DC400B00919C05 /* Release */ = {
			isa = XCBuildConfiguration;
			buildSettings = {
				ALWAYS_EMBED_SWIFT_STANDARD_LIBRARIES = YES;
				CODE_SIGN_STYLE = Automatic;
				CURRENT_PROJECT_VERSION = 1;
				GENERATE_INFOPLIST_FILE = YES;
				MARKETING_VERSION = 1.0;
				PRODUCT_BUNDLE_IDENTIFIER = sample.MyPOCUITests;
				PRODUCT_NAME = "$(TARGET_NAME)";
				SWIFT_EMIT_LOC_STRINGS = NO;
				SWIFT_VERSION = 5.0;
				TARGETED_DEVICE_FAMILY = "1,2";
				TEST_TARGET_NAME = MyPOC;
			};
			name = Release;
		};
/* End XCBuildConfiguration section */

/* Begin XCConfigurationList section */
		9AE411D228DC400900919C05 /* Build configuration list for PBXProject "MyPOC" */ = {
			isa = XCConfigurationList;
			buildConfigurations = (
				9AE411FF28DC400B00919C05 /* Debug */,
				9AE4120028DC400B00919C05 /* Release */,
			);
			defaultConfigurationIsVisible = 0;
			defaultConfigurationName = Release;
		};
		9AE4120128DC400B00919C05 /* Build configuration list for PBXNativeTarget "MyPOC" */ = {
			isa = XCConfigurationList;
			buildConfigurations = (
				9AE4120228DC400B00919C05 /* Debug */,
				9AE4120328DC400B00919C05 /* Release */,
			);
			defaultConfigurationIsVisible = 0;
			defaultConfigurationName = Release;
		};
		9AE4120428DC400B00919C05 /* Build configuration list for PBXNativeTarget "MyPOCTests" */ = {
			isa = XCConfigurationList;
			buildConfigurations = (
				9AE4120528DC400B00919C05 /* Debug */,
				9AE4120628DC400B00919C05 /* Release */,
			);
			defaultConfigurationIsVisible = 0;
			defaultConfigurationName = Release;
		};
		9AE4120728DC400B00919C05 /* Build configuration list for PBXNativeTarget "MyPOCUITests" */ = {
			isa = XCConfigurationList;
			buildConfigurations = (
				9AE4120828DC400B00919C05 /* Debug */,
				9AE4120928DC400B00919C05 /* Release */,
			);
			defaultConfigurationIsVisible = 0;
			defaultConfigurationName = Release;
		};
/* End XCConfigurationList section */
	};
	rootObject = 9AE411CF28DC400900919C05 /* Project object */;
}
